<?xml version="1.0" encoding="utf-8"?>
<Project ToolsVersion="4.0" xmlns="http://schemas.microsoft.com/developer/msbuild/2003">
  <ItemGroup>
    <ClCompile Include="..\afc_filters.c">
      <Filter>Source Files</Filter>
    </ClCompile>
    <ClCompile Include="..\afc_prepare.c">
      <Filter>Source Files</Filter>
    </ClCompile>
    <ClCompile Include="..\afc_process.c">
      <Filter>Source Files</Filter>
    </ClCompile>
    <ClCompile Include="..\agc_prepare.c">
      <Filter>Source Files</Filter>
    </ClCompile>
    <ClCompile Include="..\agc_process.c">
      <Filter>Source Files</Filter>
    </ClCompile>
    <ClCompile Include="..\cfirfb_prepare.c">
      <Filter>Source Files</Filter>
    </ClCompile>
    <ClCompile Include="..\cfirfb_process.c">
      <Filter>Source Files</Filter>
    </ClCompile>
    <ClCompile Include="..\cha_core.c">
      <Filter>Source Files</Filter>
    </ClCompile>
    <ClCompile Include="..\cha_scale.c">
      <Filter>Source Files</Filter>
    </ClCompile>
    <ClCompile Include="..\ciirfb_design.c">
      <Filter>Source Files</Filter>
    </ClCompile>
    <ClCompile Include="..\ciirfb_prepare.c">
      <Filter>Source Files</Filter>
    </ClCompile>
    <ClCompile Include="..\ciirfb_process.c">
      <Filter>Source Files</Filter>
    </ClCompile>
    <ClCompile Include="..\dciirfb_prepare.c">
      <Filter>Source Files</Filter>
    </ClCompile>
    <ClCompile Include="..\dciirfb_process.c">
      <Filter>Source Files</Filter>
    </ClCompile>
    <ClCompile Include="..\fft.c">
      <Filter>Source Files</Filter>
    </ClCompile>
    <ClCompile Include="..\firfb_prepare.c">
      <Filter>Source Files</Filter>
    </ClCompile>
    <ClCompile Include="..\firfb_process.c">
      <Filter>Source Files</Filter>
    </ClCompile>
    <ClCompile Include="..\icmp_prepare.c">
      <Filter>Source Files</Filter>
    </ClCompile>
    <ClCompile Include="..\icmp_process.c">
      <Filter>Source Files</Filter>
    </ClCompile>
    <ClCompile Include="..\iirfb_design.c">
      <Filter>Source Files</Filter>
    </ClCompile>
    <ClCompile Include="..\iirfb_prepare.c">
      <Filter>Source Files</Filter>
    </ClCompile>
    <ClCompile Include="..\iirfb_process.c">
      <Filter>Source Files</Filter>
    </ClCompile>
    <ClCompile Include="..\rfft.c">
      <Filter>Source Files</Filter>
    </ClCompile>
  </ItemGroup>
  <ItemGroup>
    <ClInclude Include="..\cha_cf.h">
      <Filter>Header Files</Filter>
    </ClInclude>
    <ClInclude Include="..\cha_ff.h">
      <Filter>Header Files</Filter>
    </ClInclude>
    <ClInclude Include="..\cha_gf.h">
      <Filter>Header Files</Filter>
    </ClInclude>
    <ClInclude Include="..\cha_if.h">
      <Filter>Header Files</Filter>
    </ClInclude>
    <ClInclude Include="..\chapro.h">
      <Filter>Header Files</Filter>
    </ClInclude>
    <ClInclude Include="..\ite_fb.h">
      <Filter>Header Files</Filter>
    </ClInclude>
    <ClInclude Include="..\version.h">
      <Filter>Header Files</Filter>
    </ClInclude>
  </ItemGroup>
  <ItemGroup>
    <Filter Include="Source Files">
      <UniqueIdentifier>{27b75ac9-74b6-47f7-9320-78b946a82bdd}</UniqueIdentifier>
    </Filter>
    <Filter Include="Header Files">
      <UniqueIdentifier>{4257a74a-e4fd-4e48-8ab0-a4f991f39417}</UniqueIdentifier>
    </Filter>
  </ItemGroup>
</Project>