
Microsoft Visual Studio Solution File, Format Version 12.00
# Visual Studio Version 16
VisualStudioVersion = 16.0.29613.14
MinimumVisualStudioVersion = 10.0.40219.1
Project("{2150E333-8FDC-42A3-9474-1A3956D46DE8}") = "Solution Items", "Solution Items", "{4CB882E3-3DDB-4DFF-B1FA-D1B5A6491DF6}"
EndProject
Project("{8BC9CEB8-8B4A-11D0-8D11-00A0C91BC942}") = "chapro_lib", "chapro_lib.vcxproj", "{B9A4F40A-17D4-48C8-80A9-053C5E9F2E18}"
EndProject
Project("{8BC9CEB8-8B4A-11D0-8D11-00A0C91BC942}") = "tst_ffa", "tst_ffa.vcxproj", "{7BFB48A3-DEAA-4CD7-94F3-2ED4560A3360}"
EndProject
Project("{8BC9CEB8-8B4A-11D0-8D11-00A0C91BC942}") = "tst_cifa", "tst_cifa.vcxproj", "{24BA487F-B11F-4DEA-9A82-F5056FB2F706}"
EndProject
Project("{8BC9CEB8-8B4A-11D0-8D11-00A0C91BC942}") = "tst_cifio", "tst_cifio.vcxproj", "{0467F95C-9E0A-42D4-878D-BB102AE58D4D}"
EndProject
Project("{8BC9CEB8-8B4A-11D0-8D11-00A0C91BC942}") = "tst_ffio", "tst_ffio.vcxproj", "{8F431B09-184A-45AB-A526-9595DCC4C287}"
EndProject
Project("{8BC9CEB8-8B4A-11D0-8D11-00A0C91BC942}") = "tst_cifsc", "tst_cifsc.vcxproj", "{59D55AFB-F428-472D-99CE-1FA2A96DB049}"
EndProject
Project("{8BC9CEB8-8B4A-11D0-8D11-00A0C91BC942}") = "gha_demo", "gha_demo.vcxproj", "{DBD9D091-76E9-4453-8427-24C5FFF7DC41}"
EndProject
Project("{8BC9CEB8-8B4A-11D0-8D11-00A0C91BC942}") = "tst_ffsc", "tst_ffsc.vcxproj", "{C5C6EA80-5AAA-474C-A253-E969524CE8AB}"
EndProject
Project("{8BC9CEB8-8B4A-11D0-8D11-00A0C91BC942}") = "chapro_dll", "chapro_dll.vcxproj", "{95B1FCB3-0CE5-40ED-809E-9348C9117B37}"
	ProjectSection(ProjectDependencies) = postProject
		{B9A4F40A-17D4-48C8-80A9-053C5E9F2E18} = {B9A4F40A-17D4-48C8-80A9-053C5E9F2E18}
	EndProjectSection
EndProject
Project("{8BC9CEB8-8B4A-11D0-8D11-00A0C91BC942}") = "tst_dll", "tst_dll.vcxproj", "{85CEC95F-5431-46A0-A436-D0351551E3EA}"
EndProject
Project("{8BC9CEB8-8B4A-11D0-8D11-00A0C91BC942}") = "tst_cffa", "tst_cffa.vcxproj", "{0122CC1E-B8D7-4BF7-97AC-A13744BB9CD8}"
EndProject
Project("{8BC9CEB8-8B4A-11D0-8D11-00A0C91BC942}") = "tst_cffio", "tst_cffio.vcxproj", "{C0900222-9737-4015-8794-90B274104671}"
EndProject
Project("{8BC9CEB8-8B4A-11D0-8D11-00A0C91BC942}") = "tst_cffsc", "tst_cffsc.vcxproj", "{F21E2C52-41CF-4F43-A345-A7A5C0AD7DA0}"
EndProject
Project("{8BC9CEB8-8B4A-11D0-8D11-00A0C91BC942}") = "tst_ifa", "tst_ifa.vcxproj", "{613731C5-FA66-4E6B-9D62-5C043EDF379D}"
EndProject
Project("{8BC9CEB8-8B4A-11D0-8D11-00A0C91BC942}") = "tst_ifio", "tst_ifio.vcxproj", "{D3A1940F-1E1B-4DF2-AE65-F3C72D0B5F2E}"
EndProject
Project("{8BC9CEB8-8B4A-11D0-8D11-00A0C91BC942}") = "tst_ifsc", "tst_ifsc.vcxproj", "{81AF8458-0890-4166-88DB-897C4AA5C47F}"
EndProject
Project("{8BC9CEB8-8B4A-11D0-8D11-00A0C91BC942}") = "tst_gha", "tst_gha.vcxproj", "{CD98BD1D-E1F8-418E-8CF4-C2F0F03B0B7C}"
EndProject
Project("{8BC9CEB8-8B4A-11D0-8D11-00A0C91BC942}") = "tst_nfc", "tst_nfc.vcxproj", "{8D9DFDC3-C784-4D65-9DB7-F8BCB183F02C}"
EndProject
Global
	GlobalSection(SolutionConfigurationPlatforms) = preSolution
		Debug|Any CPU = Debug|Any CPU
		Debug|Mixed Platforms = Debug|Mixed Platforms
		Debug|Win32 = Debug|Win32
		Release|Any CPU = Release|Any CPU
		Release|Mixed Platforms = Release|Mixed Platforms
		Release|Win32 = Release|Win32
	EndGlobalSection
	GlobalSection(ProjectConfigurationPlatforms) = postSolution
		{B9A4F40A-17D4-48C8-80A9-053C5E9F2E18}.Debug|Any CPU.ActiveCfg = Debug|Win32
		{B9A4F40A-17D4-48C8-80A9-053C5E9F2E18}.Debug|Mixed Platforms.ActiveCfg = Debug|Win32
		{B9A4F40A-17D4-48C8-80A9-053C5E9F2E18}.Debug|Mixed Platforms.Build.0 = Debug|Win32
		{B9A4F40A-17D4-48C8-80A9-053C5E9F2E18}.Debug|Win32.ActiveCfg = Debug|Win32
		{B9A4F40A-17D4-48C8-80A9-053C5E9F2E18}.Debug|Win32.Build.0 = Debug|Win32
		{B9A4F40A-17D4-48C8-80A9-053C5E9F2E18}.Release|Any CPU.ActiveCfg = Release|Win32
		{B9A4F40A-17D4-48C8-80A9-053C5E9F2E18}.Release|Mixed Platforms.ActiveCfg = Release|Win32
		{B9A4F40A-17D4-48C8-80A9-053C5E9F2E18}.Release|Mixed Platforms.Build.0 = Release|Win32
		{B9A4F40A-17D4-48C8-80A9-053C5E9F2E18}.Release|Win32.ActiveCfg = Release|Win32
		{B9A4F40A-17D4-48C8-80A9-053C5E9F2E18}.Release|Win32.Build.0 = Release|Win32
		{7BFB48A3-DEAA-4CD7-94F3-2ED4560A3360}.Debug|Any CPU.ActiveCfg = Debug|Win32
		{7BFB48A3-DEAA-4CD7-94F3-2ED4560A3360}.Debug|Mixed Platforms.ActiveCfg = Debug|Win32
		{7BFB48A3-DEAA-4CD7-94F3-2ED4560A3360}.Debug|Mixed Platforms.Build.0 = Debug|Win32
		{7BFB48A3-DEAA-4CD7-94F3-2ED4560A3360}.Debug|Win32.ActiveCfg = Debug|Win32
		{7BFB48A3-DEAA-4CD7-94F3-2ED4560A3360}.Debug|Win32.Build.0 = Debug|Win32
		{7BFB48A3-DEAA-4CD7-94F3-2ED4560A3360}.Release|Any CPU.ActiveCfg = Release|Win32
		{7BFB48A3-DEAA-4CD7-94F3-2ED4560A3360}.Release|Mixed Platforms.ActiveCfg = Release|Win32
		{7BFB48A3-DEAA-4CD7-94F3-2ED4560A3360}.Release|Mixed Platforms.Build.0 = Release|Win32
		{7BFB48A3-DEAA-4CD7-94F3-2ED4560A3360}.Release|Win32.ActiveCfg = Release|Win32
		{7BFB48A3-DEAA-4CD7-94F3-2ED4560A3360}.Release|Win32.Build.0 = Release|Win32
		{24BA487F-B11F-4DEA-9A82-F5056FB2F706}.Debug|Any CPU.ActiveCfg = Debug|Win32
		{24BA487F-B11F-4DEA-9A82-F5056FB2F706}.Debug|Mixed Platforms.ActiveCfg = Debug|Win32
		{24BA487F-B11F-4DEA-9A82-F5056FB2F706}.Debug|Mixed Platforms.Build.0 = Debug|Win32
		{24BA487F-B11F-4DEA-9A82-F5056FB2F706}.Debug|Win32.ActiveCfg = Debug|Win32
		{24BA487F-B11F-4DEA-9A82-F5056FB2F706}.Debug|Win32.Build.0 = Debug|Win32
		{24BA487F-B11F-4DEA-9A82-F5056FB2F706}.Release|Any CPU.ActiveCfg = Release|Win32
		{24BA487F-B11F-4DEA-9A82-F5056FB2F706}.Release|Mixed Platforms.ActiveCfg = Release|Win32
		{24BA487F-B11F-4DEA-9A82-F5056FB2F706}.Release|Mixed Platforms.Build.0 = Release|Win32
		{24BA487F-B11F-4DEA-9A82-F5056FB2F706}.Release|Win32.ActiveCfg = Release|Win32
		{24BA487F-B11F-4DEA-9A82-F5056FB2F706}.Release|Win32.Build.0 = Release|Win32
		{0467F95C-9E0A-42D4-878D-BB102AE58D4D}.Debug|Any CPU.ActiveCfg = Debug|Win32
		{0467F95C-9E0A-42D4-878D-BB102AE58D4D}.Debug|Mixed Platforms.ActiveCfg = Debug|Win32
		{0467F95C-9E0A-42D4-878D-BB102AE58D4D}.Debug|Mixed Platforms.Build.0 = Debug|Win32
		{0467F95C-9E0A-42D4-878D-BB102AE58D4D}.Debug|Win32.ActiveCfg = Debug|Win32
		{0467F95C-9E0A-42D4-878D-BB102AE58D4D}.Debug|Win32.Build.0 = Debug|Win32
		{0467F95C-9E0A-42D4-878D-BB102AE58D4D}.Release|Any CPU.ActiveCfg = Release|Win32
		{0467F95C-9E0A-42D4-878D-BB102AE58D4D}.Release|Mixed Platforms.ActiveCfg = Release|Win32
		{0467F95C-9E0A-42D4-878D-BB102AE58D4D}.Release|Mixed Platforms.Build.0 = Release|Win32
		{0467F95C-9E0A-42D4-878D-BB102AE58D4D}.Release|Win32.ActiveCfg = Release|Win32
		{0467F95C-9E0A-42D4-878D-BB102AE58D4D}.Release|Win32.Build.0 = Release|Win32
		{8F431B09-184A-45AB-A526-9595DCC4C287}.Debug|Any CPU.ActiveCfg = Debug|Win32
		{8F431B09-184A-45AB-A526-9595DCC4C287}.Debug|Mixed Platforms.ActiveCfg = Debug|Win32
		{8F431B09-184A-45AB-A526-9595DCC4C287}.Debug|Mixed Platforms.Build.0 = Debug|Win32
		{8F431B09-184A-45AB-A526-9595DCC4C287}.Debug|Win32.ActiveCfg = Debug|Win32
		{8F431B09-184A-45AB-A526-9595DCC4C287}.Debug|Win32.Build.0 = Debug|Win32
		{8F431B09-184A-45AB-A526-9595DCC4C287}.Release|Any CPU.ActiveCfg = Release|Win32
		{8F431B09-184A-45AB-A526-9595DCC4C287}.Release|Mixed Platforms.ActiveCfg = Release|Win32
		{8F431B09-184A-45AB-A526-9595DCC4C287}.Release|Mixed Platforms.Build.0 = Release|Win32
		{8F431B09-184A-45AB-A526-9595DCC4C287}.Release|Win32.ActiveCfg = Release|Win32
		{8F431B09-184A-45AB-A526-9595DCC4C287}.Release|Win32.Build.0 = Release|Win32
		{59D55AFB-F428-472D-99CE-1FA2A96DB049}.Debug|Any CPU.ActiveCfg = Debug|Win32
		{59D55AFB-F428-472D-99CE-1FA2A96DB049}.Debug|Mixed Platforms.ActiveCfg = Debug|Win32
		{59D55AFB-F428-472D-99CE-1FA2A96DB049}.Debug|Mixed Platforms.Build.0 = Debug|Win32
		{59D55AFB-F428-472D-99CE-1FA2A96DB049}.Debug|Win32.ActiveCfg = Debug|Win32
		{59D55AFB-F428-472D-99CE-1FA2A96DB049}.Debug|Win32.Build.0 = Debug|Win32
		{59D55AFB-F428-472D-99CE-1FA2A96DB049}.Release|Any CPU.ActiveCfg = Release|Win32
		{59D55AFB-F428-472D-99CE-1FA2A96DB049}.Release|Mixed Platforms.ActiveCfg = Release|Win32
		{59D55AFB-F428-472D-99CE-1FA2A96DB049}.Release|Mixed Platforms.Build.0 = Release|Win32
		{59D55AFB-F428-472D-99CE-1FA2A96DB049}.Release|Win32.ActiveCfg = Release|Win32
		{59D55AFB-F428-472D-99CE-1FA2A96DB049}.Release|Win32.Build.0 = Release|Win32
		{DBD9D091-76E9-4453-8427-24C5FFF7DC41}.Debug|Any CPU.ActiveCfg = Debug|Win32
		{DBD9D091-76E9-4453-8427-24C5FFF7DC41}.Debug|Mixed Platforms.ActiveCfg = Debug|Win32
		{DBD9D091-76E9-4453-8427-24C5FFF7DC41}.Debug|Mixed Platforms.Build.0 = Debug|Win32
		{DBD9D091-76E9-4453-8427-24C5FFF7DC41}.Debug|Win32.ActiveCfg = Debug|Win32
		{DBD9D091-76E9-4453-8427-24C5FFF7DC41}.Debug|Win32.Build.0 = Debug|Win32
		{DBD9D091-76E9-4453-8427-24C5FFF7DC41}.Release|Any CPU.ActiveCfg = Release|Win32
		{DBD9D091-76E9-4453-8427-24C5FFF7DC41}.Release|Mixed Platforms.ActiveCfg = Release|Win32
		{DBD9D091-76E9-4453-8427-24C5FFF7DC41}.Release|Mixed Platforms.Build.0 = Release|Win32
		{DBD9D091-76E9-4453-8427-24C5FFF7DC41}.Release|Win32.ActiveCfg = Release|Win32
		{DBD9D091-76E9-4453-8427-24C5FFF7DC41}.Release|Win32.Build.0 = Release|Win32
		{C5C6EA80-5AAA-474C-A253-E969524CE8AB}.Debug|Any CPU.ActiveCfg = Debug|Win32
		{C5C6EA80-5AAA-474C-A253-E969524CE8AB}.Debug|Mixed Platforms.ActiveCfg = Debug|Win32
		{C5C6EA80-5AAA-474C-A253-E969524CE8AB}.Debug|Mixed Platforms.Build.0 = Debug|Win32
		{C5C6EA80-5AAA-474C-A253-E969524CE8AB}.Debug|Win32.ActiveCfg = Debug|Win32
		{C5C6EA80-5AAA-474C-A253-E969524CE8AB}.Debug|Win32.Build.0 = Debug|Win32
		{C5C6EA80-5AAA-474C-A253-E969524CE8AB}.Release|Any CPU.ActiveCfg = Release|Win32
		{C5C6EA80-5AAA-474C-A253-E969524CE8AB}.Release|Mixed Platforms.ActiveCfg = Release|Win32
		{C5C6EA80-5AAA-474C-A253-E969524CE8AB}.Release|Mixed Platforms.Build.0 = Release|Win32
		{C5C6EA80-5AAA-474C-A253-E969524CE8AB}.Release|Win32.ActiveCfg = Release|Win32
		{C5C6EA80-5AAA-474C-A253-E969524CE8AB}.Release|Win32.Build.0 = Release|Win32
		{95B1FCB3-0CE5-40ED-809E-9348C9117B37}.Debug|Any CPU.ActiveCfg = Debug|Win32
		{95B1FCB3-0CE5-40ED-809E-9348C9117B37}.Debug|Mixed Platforms.ActiveCfg = Debug|Win32
		{95B1FCB3-0CE5-40ED-809E-9348C9117B37}.Debug|Mixed Platforms.Build.0 = Debug|Win32
		{95B1FCB3-0CE5-40ED-809E-9348C9117B37}.Debug|Win32.ActiveCfg = Debug|Win32
		{95B1FCB3-0CE5-40ED-809E-9348C9117B37}.Debug|Win32.Build.0 = Debug|Win32
		{95B1FCB3-0CE5-40ED-809E-9348C9117B37}.Release|Any CPU.ActiveCfg = Release|Win32
		{95B1FCB3-0CE5-40ED-809E-9348C9117B37}.Release|Mixed Platforms.ActiveCfg = Release|Win32
		{95B1FCB3-0CE5-40ED-809E-9348C9117B37}.Release|Mixed Platforms.Build.0 = Release|Win32
		{95B1FCB3-0CE5-40ED-809E-9348C9117B37}.Release|Win32.ActiveCfg = Release|Win32
		{95B1FCB3-0CE5-40ED-809E-9348C9117B37}.Release|Win32.Build.0 = Release|Win32
		{85CEC95F-5431-46A0-A436-D0351551E3EA}.Debug|Any CPU.ActiveCfg = Debug|Win32
		{85CEC95F-5431-46A0-A436-D0351551E3EA}.Debug|Mixed Platforms.ActiveCfg = Debug|Win32
		{85CEC95F-5431-46A0-A436-D0351551E3EA}.Debug|Mixed Platforms.Build.0 = Debug|Win32
		{85CEC95F-5431-46A0-A436-D0351551E3EA}.Debug|Win32.ActiveCfg = Debug|Win32
		{85CEC95F-5431-46A0-A436-D0351551E3EA}.Debug|Win32.Build.0 = Debug|Win32
		{85CEC95F-5431-46A0-A436-D0351551E3EA}.Release|Any CPU.ActiveCfg = Release|Win32
		{85CEC95F-5431-46A0-A436-D0351551E3EA}.Release|Mixed Platforms.ActiveCfg = Release|Win32
		{85CEC95F-5431-46A0-A436-D0351551E3EA}.Release|Mixed Platforms.Build.0 = Release|Win32
		{85CEC95F-5431-46A0-A436-D0351551E3EA}.Release|Win32.ActiveCfg = Release|Win32
		{85CEC95F-5431-46A0-A436-D0351551E3EA}.Release|Win32.Build.0 = Release|Win32
		{0122CC1E-B8D7-4BF7-97AC-A13744BB9CD8}.Debug|Any CPU.ActiveCfg = Debug|Win32
		{0122CC1E-B8D7-4BF7-97AC-A13744BB9CD8}.Debug|Mixed Platforms.ActiveCfg = Debug|Win32
		{0122CC1E-B8D7-4BF7-97AC-A13744BB9CD8}.Debug|Mixed Platforms.Build.0 = Debug|Win32
		{0122CC1E-B8D7-4BF7-97AC-A13744BB9CD8}.Debug|Win32.ActiveCfg = Debug|Win32
		{0122CC1E-B8D7-4BF7-97AC-A13744BB9CD8}.Debug|Win32.Build.0 = Debug|Win32
		{0122CC1E-B8D7-4BF7-97AC-A13744BB9CD8}.Release|Any CPU.ActiveCfg = Release|Win32
		{0122CC1E-B8D7-4BF7-97AC-A13744BB9CD8}.Release|Mixed Platforms.ActiveCfg = Release|Win32
		{0122CC1E-B8D7-4BF7-97AC-A13744BB9CD8}.Release|Mixed Platforms.Build.0 = Release|Win32
		{0122CC1E-B8D7-4BF7-97AC-A13744BB9CD8}.Release|Win32.ActiveCfg = Release|Win32
		{0122CC1E-B8D7-4BF7-97AC-A13744BB9CD8}.Release|Win32.Build.0 = Release|Win32
		{C0900222-9737-4015-8794-90B274104671}.Debug|Any CPU.ActiveCfg = Debug|Win32
		{C0900222-9737-4015-8794-90B274104671}.Debug|Mixed Platforms.ActiveCfg = Debug|Win32
		{C0900222-9737-4015-8794-90B274104671}.Debug|Mixed Platforms.Build.0 = Debug|Win32
		{C0900222-9737-4015-8794-90B274104671}.Debug|Win32.ActiveCfg = Debug|Win32
		{C0900222-9737-4015-8794-90B274104671}.Debug|Win32.Build.0 = Debug|Win32
		{C0900222-9737-4015-8794-90B274104671}.Release|Any CPU.ActiveCfg = Release|Win32
		{C0900222-9737-4015-8794-90B274104671}.Release|Mixed Platforms.ActiveCfg = Release|Win32
		{C0900222-9737-4015-8794-90B274104671}.Release|Mixed Platforms.Build.0 = Release|Win32
		{C0900222-9737-4015-8794-90B274104671}.Release|Win32.ActiveCfg = Release|Win32
		{C0900222-9737-4015-8794-90B274104671}.Release|Win32.Build.0 = Release|Win32
		{F21E2C52-41CF-4F43-A345-A7A5C0AD7DA0}.Debug|Any CPU.ActiveCfg = Debug|Win32
		{F21E2C52-41CF-4F43-A345-A7A5C0AD7DA0}.Debug|Mixed Platforms.ActiveCfg = Debug|Win32
		{F21E2C52-41CF-4F43-A345-A7A5C0AD7DA0}.Debug|Mixed Platforms.Build.0 = Debug|Win32
		{F21E2C52-41CF-4F43-A345-A7A5C0AD7DA0}.Debug|Win32.ActiveCfg = Debug|Win32
		{F21E2C52-41CF-4F43-A345-A7A5C0AD7DA0}.Debug|Win32.Build.0 = Debug|Win32
		{F21E2C52-41CF-4F43-A345-A7A5C0AD7DA0}.Release|Any CPU.ActiveCfg = Release|Win32
		{F21E2C52-41CF-4F43-A345-A7A5C0AD7DA0}.Release|Mixed Platforms.ActiveCfg = Release|Win32
		{F21E2C52-41CF-4F43-A345-A7A5C0AD7DA0}.Release|Mixed Platforms.Build.0 = Release|Win32
		{F21E2C52-41CF-4F43-A345-A7A5C0AD7DA0}.Release|Win32.ActiveCfg = Release|Win32
		{F21E2C52-41CF-4F43-A345-A7A5C0AD7DA0}.Release|Win32.Build.0 = Release|Win32
		{613731C5-FA66-4E6B-9D62-5C043EDF379D}.Debug|Any CPU.ActiveCfg = Debug|Win32
		{613731C5-FA66-4E6B-9D62-5C043EDF379D}.Debug|Mixed Platforms.ActiveCfg = Debug|Win32
		{613731C5-FA66-4E6B-9D62-5C043EDF379D}.Debug|Mixed Platforms.Build.0 = Debug|Win32
		{613731C5-FA66-4E6B-9D62-5C043EDF379D}.Debug|Win32.ActiveCfg = Debug|Win32
		{613731C5-FA66-4E6B-9D62-5C043EDF379D}.Debug|Win32.Build.0 = Debug|Win32
		{613731C5-FA66-4E6B-9D62-5C043EDF379D}.Release|Any CPU.ActiveCfg = Release|Win32
		{613731C5-FA66-4E6B-9D62-5C043EDF379D}.Release|Mixed Platforms.ActiveCfg = Release|Win32
		{613731C5-FA66-4E6B-9D62-5C043EDF379D}.Release|Mixed Platforms.Build.0 = Release|Win32
		{613731C5-FA66-4E6B-9D62-5C043EDF379D}.Release|Win32.ActiveCfg = Release|Win32
		{613731C5-FA66-4E6B-9D62-5C043EDF379D}.Release|Win32.Build.0 = Release|Win32
		{D3A1940F-1E1B-4DF2-AE65-F3C72D0B5F2E}.Debug|Any CPU.ActiveCfg = Debug|Win32
		{D3A1940F-1E1B-4DF2-AE65-F3C72D0B5F2E}.Debug|Mixed Platforms.ActiveCfg = Debug|Win32
		{D3A1940F-1E1B-4DF2-AE65-F3C72D0B5F2E}.Debug|Mixed Platforms.Build.0 = Debug|Win32
		{D3A1940F-1E1B-4DF2-AE65-F3C72D0B5F2E}.Debug|Win32.ActiveCfg = Debug|Win32
		{D3A1940F-1E1B-4DF2-AE65-F3C72D0B5F2E}.Debug|Win32.Build.0 = Debug|Win32
		{D3A1940F-1E1B-4DF2-AE65-F3C72D0B5F2E}.Release|Any CPU.ActiveCfg = Release|Win32
		{D3A1940F-1E1B-4DF2-AE65-F3C72D0B5F2E}.Release|Mixed Platforms.ActiveCfg = Release|Win32
		{D3A1940F-1E1B-4DF2-AE65-F3C72D0B5F2E}.Release|Mixed Platforms.Build.0 = Release|Win32
		{D3A1940F-1E1B-4DF2-AE65-F3C72D0B5F2E}.Release|Win32.ActiveCfg = Release|Win32
		{D3A1940F-1E1B-4DF2-AE65-F3C72D0B5F2E}.Release|Win32.Build.0 = Release|Win32
		{81AF8458-0890-4166-88DB-897C4AA5C47F}.Debug|Any CPU.ActiveCfg = Debug|Win32
		{81AF8458-0890-4166-88DB-897C4AA5C47F}.Debug|Mixed Platforms.ActiveCfg = Debug|Win32
		{81AF8458-0890-4166-88DB-897C4AA5C47F}.Debug|Mixed Platforms.Build.0 = Debug|Win32
		{81AF8458-0890-4166-88DB-897C4AA5C47F}.Debug|Win32.ActiveCfg = Debug|Win32
		{81AF8458-0890-4166-88DB-897C4AA5C47F}.Debug|Win32.Build.0 = Debug|Win32
		{81AF8458-0890-4166-88DB-897C4AA5C47F}.Release|Any CPU.ActiveCfg = Release|Win32
		{81AF8458-0890-4166-88DB-897C4AA5C47F}.Release|Mixed Platforms.ActiveCfg = Release|Win32
		{81AF8458-0890-4166-88DB-897C4AA5C47F}.Release|Mixed Platforms.Build.0 = Release|Win32
		{81AF8458-0890-4166-88DB-897C4AA5C47F}.Release|Win32.ActiveCfg = Release|Win32
		{81AF8458-0890-4166-88DB-897C4AA5C47F}.Release|Win32.Build.0 = Release|Win32
		{CD98BD1D-E1F8-418E-8CF4-C2F0F03B0B7C}.Debug|Any CPU.ActiveCfg = Debug|Win32
		{CD98BD1D-E1F8-418E-8CF4-C2F0F03B0B7C}.Debug|Mixed Platforms.ActiveCfg = Debug|Win32
		{CD98BD1D-E1F8-418E-8CF4-C2F0F03B0B7C}.Debug|Mixed Platforms.Build.0 = Debug|Win32
		{CD98BD1D-E1F8-418E-8CF4-C2F0F03B0B7C}.Debug|Win32.ActiveCfg = Debug|Win32
		{CD98BD1D-E1F8-418E-8CF4-C2F0F03B0B7C}.Debug|Win32.Build.0 = Debug|Win32
		{CD98BD1D-E1F8-418E-8CF4-C2F0F03B0B7C}.Release|Any CPU.ActiveCfg = Release|Win32
		{CD98BD1D-E1F8-418E-8CF4-C2F0F03B0B7C}.Release|Mixed Platforms.ActiveCfg = Release|Win32
		{CD98BD1D-E1F8-418E-8CF4-C2F0F03B0B7C}.Release|Mixed Platforms.Build.0 = Release|Win32
		{CD98BD1D-E1F8-418E-8CF4-C2F0F03B0B7C}.Release|Win32.ActiveCfg = Release|Win32
		{CD98BD1D-E1F8-418E-8CF4-C2F0F03B0B7C}.Release|Win32.Build.0 = Release|Win32
		{8D9DFDC3-C784-4D65-9DB7-F8BCB183F02C}.Debug|Any CPU.ActiveCfg = Debug|Win32
		{8D9DFDC3-C784-4D65-9DB7-F8BCB183F02C}.Debug|Mixed Platforms.ActiveCfg = Debug|Win32
		{8D9DFDC3-C784-4D65-9DB7-F8BCB183F02C}.Debug|Mixed Platforms.Build.0 = Debug|Win32
		{8D9DFDC3-C784-4D65-9DB7-F8BCB183F02C}.Debug|Win32.ActiveCfg = Debug|Win32
		{8D9DFDC3-C784-4D65-9DB7-F8BCB183F02C}.Debug|Win32.Build.0 = Debug|Win32
		{8D9DFDC3-C784-4D65-9DB7-F8BCB183F02C}.Release|Any CPU.ActiveCfg = Release|Win32
		{8D9DFDC3-C784-4D65-9DB7-F8BCB183F02C}.Release|Mixed Platforms.ActiveCfg = Release|Win32
		{8D9DFDC3-C784-4D65-9DB7-F8BCB183F02C}.Release|Mixed Platforms.Build.0 = Release|Win32
		{8D9DFDC3-C784-4D65-9DB7-F8BCB183F02C}.Release|Win32.ActiveCfg = Release|Win32
		{8D9DFDC3-C784-4D65-9DB7-F8BCB183F02C}.Release|Win32.Build.0 = Release|Win32
	EndGlobalSection
	GlobalSection(SolutionProperties) = preSolution
		HideSolutionNode = FALSE
	EndGlobalSection
	GlobalSection(ExtensibilityGlobals) = postSolution
		SolutionGuid = {D01B0808-73BD-496D-AA21-0DF3E5080C94}
	EndGlobalSection
EndGlobal
