<?xml version="1.0" encoding="utf-8"?>
<Project ToolsVersion="4.0" xmlns="http://schemas.microsoft.com/developer/msbuild/2003">
  <ItemGroup>
    <Filter Include="Source Files">
      <UniqueIdentifier>{67dd64bd-8c55-406d-b9c7-e0a384f1810e}</UniqueIdentifier>
      <Extensions>cpp;c;cxx;rc;def;r;odl;idl;hpj;bat</Extensions>
    </Filter>
    <Filter Include="Header Files">
      <UniqueIdentifier>{93dd3173-17f0-4208-8edc-f66ace6beb41}</UniqueIdentifier>
      <Extensions>h;hpp;hxx;hm;inl</Extensions>
    </Filter>
  </ItemGroup>
  <ItemGroup>
    <ClCompile Include="..\afc_prepare.c">
      <Filter>Source Files</Filter>
    </ClCompile>
    <ClCompile Include="..\afc_process.c">
      <Filter>Source Files</Filter>
    </ClCompile>
    <ClCompile Include="..\agc_prepare.c">
      <Filter>Source Files</Filter>
    </ClCompile>
    <ClCompile Include="..\agc_process.c">
      <Filter>Source Files</Filter>
    </ClCompile>
    <ClCompile Include="..\cfirfb_prepare.c">
      <Filter>Source Files</Filter>
    </ClCompile>
    <ClCompile Include="..\cfirfb_process.c">
      <Filter>Source Files</Filter>
    </ClCompile>
    <ClCompile Include="..\cha_core.c">
      <Filter>Source Files</Filter>
    </ClCompile>
    <ClCompile Include="..\cha_scale.c">
      <Filter>Source Files</Filter>
    </ClCompile>
    <ClCompile Include="..\ciirfb_design.c">
      <Filter>Source Files</Filter>
    </ClCompile>
    <ClCompile Include="..\ciirfb_prepare.c">
      <Filter>Source Files</Filter>
    </ClCompile>
    <ClCompile Include="..\ciirfb_process.c">
      <Filter>Source Files</Filter>
    </ClCompile>
    <ClCompile Include="..\fft.c">
      <Filter>Source Files</Filter>
    </ClCompile>
    <ClCompile Include="..\firfb_prepare.c">
      <Filter>Source Files</Filter>
    </ClCompile>
    <ClCompile Include="..\firfb_process.c">
      <Filter>Source Files</Filter>
    </ClCompile>
    <ClCompile Include="..\icmp_prepare.c">
      <Filter>Source Files</Filter>
    </ClCompile>
    <ClCompile Include="..\icmp_process.c">
      <Filter>Source Files</Filter>
    </ClCompile>
    <ClCompile Include="..\iirfb_design.c">
      <Filter>Source Files</Filter>
    </ClCompile>
    <ClCompile Include="..\iirfb_prepare.c">
      <Filter>Source Files</Filter>
    </ClCompile>
    <ClCompile Include="..\iirfb_process.c">
      <Filter>Source Files</Filter>
    </ClCompile>
    <ClCompile Include="..\rfft.c">
      <Filter>Source Files</Filter>
    </ClCompile>
  </ItemGroup>
  <ItemGroup>
    <ClInclude Include="..\cha_cf.h">
      <Filter>Header Files</Filter>
    </ClInclude>
    <ClInclude Include="..\cha_ff.h">
      <Filter>Header Files</Filter>
    </ClInclude>
    <ClInclude Include="..\cha_gf.h">
      <Filter>Header Files</Filter>
    </ClInclude>
    <ClInclude Include="..\cha_if.h">
      <Filter>Header Files</Filter>
    </ClInclude>
    <ClInclude Include="..\chapro.h">
      <Filter>Header Files</Filter>
    </ClInclude>
    <ClInclude Include="..\version.h">
      <Filter>Header Files</Filter>
    </ClInclude>
  </ItemGroup>
</Project>