<?xml version="1.0" encoding="utf-8"?>
<Project ToolsVersion="4.0" xmlns="http://schemas.microsoft.com/developer/msbuild/2003">
  <ItemGroup>
    <Filter Include="Source Files">
      <UniqueIdentifier>{82a072b2-f5dc-489e-8af3-fafaeece98e6}</UniqueIdentifier>
      <Extensions>cpp;c;cxx;rc;def;r;odl;idl;hpj;bat</Extensions>
    </Filter>
    <Filter Include="Header Files">
      <UniqueIdentifier>{d1e96955-762e-4f41-b872-7fa7e505db4b}</UniqueIdentifier>
      <Extensions>h;hpp;hxx;hm;inl</Extensions>
    </Filter>
    <Filter Include="Resource Files">
      <UniqueIdentifier>{60d7abe3-1a55-4af0-9646-c2ee743cdfa7}</UniqueIdentifier>
      <Extensions>ico;cur;bmp;dlg;rc2;rct;bin;rgs;gif;jpg;jpeg;jpe</Extensions>
    </Filter>
  </ItemGroup>
  <ItemGroup>
    <ClCompile Include="..\afc_prepare.c">
      <Filter>Source Files</Filter>
    </ClCompile>
    <ClCompile Include="..\afc_process.c">
      <Filter>Source Files</Filter>
    </ClCompile>
    <ClCompile Include="..\agc_prepare.c">
      <Filter>Source Files</Filter>
    </ClCompile>
    <ClCompile Include="..\agc_process.c">
      <Filter>Source Files</Filter>
    </ClCompile>
    <ClCompile Include="..\cfirfb_prepare.c">
      <Filter>Source Files</Filter>
    </ClCompile>
    <ClCompile Include="..\cfirfb_process.c">
      <Filter>Source Files</Filter>
    </ClCompile>
    <ClCompile Include="..\cha_core.c">
      <Filter>Source Files</Filter>
    </ClCompile>
    <ClCompile Include="..\cha_scale.c">
      <Filter>Source Files</Filter>
    </ClCompile>
    <ClCompile Include="..\chapro.c">
      <Filter>Source Files</Filter>
    </ClCompile>
    <ClCompile Include="..\ciirfb_design.c">
      <Filter>Source Files</Filter>
    </ClCompile>
    <ClCompile Include="..\ciirfb_prepare.c">
      <Filter>Source Files</Filter>
    </ClCompile>
    <ClCompile Include="..\ciirfb_process.c">
      <Filter>Source Files</Filter>
    </ClCompile>
    <ClCompile Include="..\fft.c">
      <Filter>Source Files</Filter>
    </ClCompile>
    <ClCompile Include="..\firfb_prepare.c">
      <Filter>Source Files</Filter>
    </ClCompile>
    <ClCompile Include="..\firfb_process.c">
      <Filter>Source Files</Filter>
    </ClCompile>
    <ClCompile Include="..\icmp_prepare.c">
      <Filter>Source Files</Filter>
    </ClCompile>
    <ClCompile Include="..\icmp_process.c">
      <Filter>Source Files</Filter>
    </ClCompile>
    <ClCompile Include="..\iirfb_design.c">
      <Filter>Source Files</Filter>
    </ClCompile>
    <ClCompile Include="..\iirfb_prepare.c">
      <Filter>Source Files</Filter>
    </ClCompile>
    <ClCompile Include="..\iirfb_process.c">
      <Filter>Source Files</Filter>
    </ClCompile>
    <ClCompile Include="..\rfft.c">
      <Filter>Source Files</Filter>
    </ClCompile>
  </ItemGroup>
  <ItemGroup>
    <ClInclude Include="..\cha_ff.h">
      <Filter>Header Files</Filter>
    </ClInclude>
    <ClInclude Include="..\cha_fm.h">
      <Filter>Header Files</Filter>
    </ClInclude>
    <ClInclude Include="..\cha_gf.h">
      <Filter>Header Files</Filter>
    </ClInclude>
    <ClInclude Include="..\cha_if.h">
      <Filter>Header Files</Filter>
    </ClInclude>
    <ClInclude Include="..\chapro.h">
      <Filter>Header Files</Filter>
    </ClInclude>
    <ClInclude Include="..\version.h">
      <Filter>Header Files</Filter>
    </ClInclude>
  </ItemGroup>
  <ItemGroup>
    <None Include="..\chapro.def">
      <Filter>Resource Files</Filter>
    </None>
  </ItemGroup>
</Project>